
Microsoft Visual Studio Solution File, Format Version 12.00
# Visual Studio 14
VisualStudioVersion = 14.0.25420.1
MinimumVisualStudioVersion = 10.0.40219.1
Project("{FAE04EC0-301F-11D3-BF4B-00C04F79EFBC}") = "XamarinWMS.Droid", "XamarinWMS\XamarinWMS.Droid\XamarinWMS.Droid.csproj", "{69556ADD-829F-457E-8BD0-432B1762BB5B}"
EndProject
Project("{FAE04EC0-301F-11D3-BF4B-00C04F79EFBC}") = "XamarinWMS.iOS", "XamarinWMS\XamarinWMS.iOS\XamarinWMS.iOS.csproj", "{80BFA3C2-4557-49C9-AEDB-963F7CCA90AA}"
EndProject
Project("{FAE04EC0-301F-11D3-BF4B-00C04F79EFBC}") = "XamarinWMS.WinPhone", "XamarinWMS\XamarinWMS.WinPhone\XamarinWMS.WinPhone.csproj", "{6946C12C-03C7-49AF-8023-4663FEA55E2C}"
EndProject
Project("{FAE04EC0-301F-11D3-BF4B-00C04F79EFBC}") = "XamarinWMS.Windows", "XamarinWMS\XamarinWMS.Windows\XamarinWMS.Windows.csproj", "{6E20B1F5-6A1E-4CBF-BA9E-2D2C9B223E5D}"
EndProject
Project("{FAE04EC0-301F-11D3-BF4B-00C04F79EFBC}") = "XamarinWMS", "XamarinWMS\XamarinWMS\XamarinWMS.csproj", "{0A5498D2-2C03-46DF-899C-86DCF4E02C46}"
EndProject
Global
	GlobalSection(SolutionConfigurationPlatforms) = preSolution
		Ad-Hoc|Any CPU = Ad-Hoc|Any CPU
		Ad-Hoc|ARM = Ad-Hoc|ARM
		Ad-Hoc|iPhone = Ad-Hoc|iPhone
		Ad-Hoc|iPhoneSimulator = Ad-Hoc|iPhoneSimulator
		Ad-Hoc|x64 = Ad-Hoc|x64
		Ad-Hoc|x86 = Ad-Hoc|x86
		AppStore|Any CPU = AppStore|Any CPU
		AppStore|ARM = AppStore|ARM
		AppStore|iPhone = AppStore|iPhone
		AppStore|iPhoneSimulator = AppStore|iPhoneSimulator
		AppStore|x64 = AppStore|x64
		AppStore|x86 = AppStore|x86
		Debug|Any CPU = Debug|Any CPU
		Debug|ARM = Debug|ARM
		Debug|iPhone = Debug|iPhone
		Debug|iPhoneSimulator = Debug|iPhoneSimulator
		Debug|x64 = Debug|x64
		Debug|x86 = Debug|x86
		Release|Any CPU = Release|Any CPU
		Release|ARM = Release|ARM
		Release|iPhone = Release|iPhone
		Release|iPhoneSimulator = Release|iPhoneSimulator
		Release|x64 = Release|x64
		Release|x86 = Release|x86
	EndGlobalSection
	GlobalSection(ProjectConfigurationPlatforms) = postSolution
		{69556ADD-829F-457E-8BD0-432B1762BB5B}.Ad-Hoc|Any CPU.ActiveCfg = Release|Any CPU
		{69556ADD-829F-457E-8BD0-432B1762BB5B}.Ad-Hoc|Any CPU.Build.0 = Release|Any CPU
		{69556ADD-829F-457E-8BD0-432B1762BB5B}.Ad-Hoc|Any CPU.Deploy.0 = Release|Any CPU
		{69556ADD-829F-457E-8BD0-432B1762BB5B}.Ad-Hoc|ARM.ActiveCfg = Release|Any CPU
		{69556ADD-829F-457E-8BD0-432B1762BB5B}.Ad-Hoc|ARM.Build.0 = Release|Any CPU
		{69556ADD-829F-457E-8BD0-432B1762BB5B}.Ad-Hoc|ARM.Deploy.0 = Release|Any CPU
		{69556ADD-829F-457E-8BD0-432B1762BB5B}.Ad-Hoc|iPhone.ActiveCfg = Release|Any CPU
		{69556ADD-829F-457E-8BD0-432B1762BB5B}.Ad-Hoc|iPhone.Build.0 = Release|Any CPU
		{69556ADD-829F-457E-8BD0-432B1762BB5B}.Ad-Hoc|iPhone.Deploy.0 = Release|Any CPU
		{69556ADD-829F-457E-8BD0-432B1762BB5B}.Ad-Hoc|iPhoneSimulator.ActiveCfg = Release|Any CPU
		{69556ADD-829F-457E-8BD0-432B1762BB5B}.Ad-Hoc|iPhoneSimulator.Build.0 = Release|Any CPU
		{69556ADD-829F-457E-8BD0-432B1762BB5B}.Ad-Hoc|iPhoneSimulator.Deploy.0 = Release|Any CPU
		{69556ADD-829F-457E-8BD0-432B1762BB5B}.Ad-Hoc|x64.ActiveCfg = Release|Any CPU
		{69556ADD-829F-457E-8BD0-432B1762BB5B}.Ad-Hoc|x64.Build.0 = Release|Any CPU
		{69556ADD-829F-457E-8BD0-432B1762BB5B}.Ad-Hoc|x64.Deploy.0 = Release|Any CPU
		{69556ADD-829F-457E-8BD0-432B1762BB5B}.Ad-Hoc|x86.ActiveCfg = Release|Any CPU
		{69556ADD-829F-457E-8BD0-432B1762BB5B}.Ad-Hoc|x86.Build.0 = Release|Any CPU
		{69556ADD-829F-457E-8BD0-432B1762BB5B}.Ad-Hoc|x86.Deploy.0 = Release|Any CPU
		{69556ADD-829F-457E-8BD0-432B1762BB5B}.AppStore|Any CPU.ActiveCfg = Release|Any CPU
		{69556ADD-829F-457E-8BD0-432B1762BB5B}.AppStore|Any CPU.Build.0 = Release|Any CPU
		{69556ADD-829F-457E-8BD0-432B1762BB5B}.AppStore|Any CPU.Deploy.0 = Release|Any CPU
		{69556ADD-829F-457E-8BD0-432B1762BB5B}.AppStore|ARM.ActiveCfg = Release|Any CPU
		{69556ADD-829F-457E-8BD0-432B1762BB5B}.AppStore|ARM.Build.0 = Release|Any CPU
		{69556ADD-829F-457E-8BD0-432B1762BB5B}.AppStore|ARM.Deploy.0 = Release|Any CPU
		{69556ADD-829F-457E-8BD0-432B1762BB5B}.AppStore|iPhone.ActiveCfg = Release|Any CPU
		{69556ADD-829F-457E-8BD0-432B1762BB5B}.AppStore|iPhone.Build.0 = Release|Any CPU
		{69556ADD-829F-457E-8BD0-432B1762BB5B}.AppStore|iPhone.Deploy.0 = Release|Any CPU
		{69556ADD-829F-457E-8BD0-432B1762BB5B}.AppStore|iPhoneSimulator.ActiveCfg = Release|Any CPU
		{69556ADD-829F-457E-8BD0-432B1762BB5B}.AppStore|iPhoneSimulator.Build.0 = Release|Any CPU
		{69556ADD-829F-457E-8BD0-432B1762BB5B}.AppStore|iPhoneSimulator.Deploy.0 = Release|Any CPU
		{69556ADD-829F-457E-8BD0-432B1762BB5B}.AppStore|x64.ActiveCfg = Release|Any CPU
		{69556ADD-829F-457E-8BD0-432B1762BB5B}.AppStore|x64.Build.0 = Release|Any CPU
		{69556ADD-829F-457E-8BD0-432B1762BB5B}.AppStore|x64.Deploy.0 = Release|Any CPU
		{69556ADD-829F-457E-8BD0-432B1762BB5B}.AppStore|x86.ActiveCfg = Release|Any CPU
		{69556ADD-829F-457E-8BD0-432B1762BB5B}.AppStore|x86.Build.0 = Release|Any CPU
		{69556ADD-829F-457E-8BD0-432B1762BB5B}.AppStore|x86.Deploy.0 = Release|Any CPU
		{69556ADD-829F-457E-8BD0-432B1762BB5B}.Debug|Any CPU.ActiveCfg = Debug|Any CPU
		{69556ADD-829F-457E-8BD0-432B1762BB5B}.Debug|Any CPU.Build.0 = Debug|Any CPU
		{69556ADD-829F-457E-8BD0-432B1762BB5B}.Debug|Any CPU.Deploy.0 = Debug|Any CPU
		{69556ADD-829F-457E-8BD0-432B1762BB5B}.Debug|ARM.ActiveCfg = Debug|Any CPU
		{69556ADD-829F-457E-8BD0-432B1762BB5B}.Debug|ARM.Build.0 = Debug|Any CPU
		{69556ADD-829F-457E-8BD0-432B1762BB5B}.Debug|ARM.Deploy.0 = Debug|Any CPU
		{69556ADD-829F-457E-8BD0-432B1762BB5B}.Debug|iPhone.ActiveCfg = Debug|Any CPU
		{69556ADD-829F-457E-8BD0-432B1762BB5B}.Debug|iPhone.Build.0 = Debug|Any CPU
		{69556ADD-829F-457E-8BD0-432B1762BB5B}.Debug|iPhone.Deploy.0 = Debug|Any CPU
		{69556ADD-829F-457E-8BD0-432B1762BB5B}.Debug|iPhoneSimulator.ActiveCfg = Debug|Any CPU
		{69556ADD-829F-457E-8BD0-432B1762BB5B}.Debug|iPhoneSimulator.Build.0 = Debug|Any CPU
		{69556ADD-829F-457E-8BD0-432B1762BB5B}.Debug|iPhoneSimulator.Deploy.0 = Debug|Any CPU
		{69556ADD-829F-457E-8BD0-432B1762BB5B}.Debug|x64.ActiveCfg = Debug|Any CPU
		{69556ADD-829F-457E-8BD0-432B1762BB5B}.Debug|x64.Build.0 = Debug|Any CPU
		{69556ADD-829F-457E-8BD0-432B1762BB5B}.Debug|x64.Deploy.0 = Debug|Any CPU
		{69556ADD-829F-457E-8BD0-432B1762BB5B}.Debug|x86.ActiveCfg = Debug|Any CPU
		{69556ADD-829F-457E-8BD0-432B1762BB5B}.Debug|x86.Build.0 = Debug|Any CPU
		{69556ADD-829F-457E-8BD0-432B1762BB5B}.Debug|x86.Deploy.0 = Debug|Any CPU
		{69556ADD-829F-457E-8BD0-432B1762BB5B}.Release|Any CPU.ActiveCfg = Release|Any CPU
		{69556ADD-829F-457E-8BD0-432B1762BB5B}.Release|Any CPU.Build.0 = Release|Any CPU
		{69556ADD-829F-457E-8BD0-432B1762BB5B}.Release|Any CPU.Deploy.0 = Release|Any CPU
		{69556ADD-829F-457E-8BD0-432B1762BB5B}.Release|ARM.ActiveCfg = Release|Any CPU
		{69556ADD-829F-457E-8BD0-432B1762BB5B}.Release|ARM.Build.0 = Release|Any CPU
		{69556ADD-829F-457E-8BD0-432B1762BB5B}.Release|ARM.Deploy.0 = Release|Any CPU
		{69556ADD-829F-457E-8BD0-432B1762BB5B}.Release|iPhone.ActiveCfg = Release|Any CPU
		{69556ADD-829F-457E-8BD0-432B1762BB5B}.Release|iPhone.Build.0 = Release|Any CPU
		{69556ADD-829F-457E-8BD0-432B1762BB5B}.Release|iPhone.Deploy.0 = Release|Any CPU
		{69556ADD-829F-457E-8BD0-432B1762BB5B}.Release|iPhoneSimulator.ActiveCfg = Release|Any CPU
		{69556ADD-829F-457E-8BD0-432B1762BB5B}.Release|iPhoneSimulator.Build.0 = Release|Any CPU
		{69556ADD-829F-457E-8BD0-432B1762BB5B}.Release|iPhoneSimulator.Deploy.0 = Release|Any CPU
		{69556ADD-829F-457E-8BD0-432B1762BB5B}.Release|x64.ActiveCfg = Release|Any CPU
		{69556ADD-829F-457E-8BD0-432B1762BB5B}.Release|x64.Build.0 = Release|Any CPU
		{69556ADD-829F-457E-8BD0-432B1762BB5B}.Release|x64.Deploy.0 = Release|Any CPU
		{69556ADD-829F-457E-8BD0-432B1762BB5B}.Release|x86.ActiveCfg = Release|Any CPU
		{69556ADD-829F-457E-8BD0-432B1762BB5B}.Release|x86.Build.0 = Release|Any CPU
		{69556ADD-829F-457E-8BD0-432B1762BB5B}.Release|x86.Deploy.0 = Release|Any CPU
		{80BFA3C2-4557-49C9-AEDB-963F7CCA90AA}.Ad-Hoc|Any CPU.ActiveCfg = Ad-Hoc|iPhone
		{80BFA3C2-4557-49C9-AEDB-963F7CCA90AA}.Ad-Hoc|ARM.ActiveCfg = Ad-Hoc|iPhone
		{80BFA3C2-4557-49C9-AEDB-963F7CCA90AA}.Ad-Hoc|iPhone.ActiveCfg = Ad-Hoc|iPhone
		{80BFA3C2-4557-49C9-AEDB-963F7CCA90AA}.Ad-Hoc|iPhone.Build.0 = Ad-Hoc|iPhone
		{80BFA3C2-4557-49C9-AEDB-963F7CCA90AA}.Ad-Hoc|iPhoneSimulator.ActiveCfg = Ad-Hoc|iPhoneSimulator
		{80BFA3C2-4557-49C9-AEDB-963F7CCA90AA}.Ad-Hoc|iPhoneSimulator.Build.0 = Ad-Hoc|iPhoneSimulator
		{80BFA3C2-4557-49C9-AEDB-963F7CCA90AA}.Ad-Hoc|x64.ActiveCfg = Ad-Hoc|iPhone
		{80BFA3C2-4557-49C9-AEDB-963F7CCA90AA}.Ad-Hoc|x86.ActiveCfg = Ad-Hoc|iPhone
		{80BFA3C2-4557-49C9-AEDB-963F7CCA90AA}.AppStore|Any CPU.ActiveCfg = AppStore|iPhone
		{80BFA3C2-4557-49C9-AEDB-963F7CCA90AA}.AppStore|ARM.ActiveCfg = AppStore|iPhone
		{80BFA3C2-4557-49C9-AEDB-963F7CCA90AA}.AppStore|iPhone.ActiveCfg = AppStore|iPhone
		{80BFA3C2-4557-49C9-AEDB-963F7CCA90AA}.AppStore|iPhone.Build.0 = AppStore|iPhone
		{80BFA3C2-4557-49C9-AEDB-963F7CCA90AA}.AppStore|iPhoneSimulator.ActiveCfg = AppStore|iPhoneSimulator
		{80BFA3C2-4557-49C9-AEDB-963F7CCA90AA}.AppStore|iPhoneSimulator.Build.0 = AppStore|iPhoneSimulator
		{80BFA3C2-4557-49C9-AEDB-963F7CCA90AA}.AppStore|x64.ActiveCfg = AppStore|iPhone
		{80BFA3C2-4557-49C9-AEDB-963F7CCA90AA}.AppStore|x86.ActiveCfg = AppStore|iPhone
		{80BFA3C2-4557-49C9-AEDB-963F7CCA90AA}.Debug|Any CPU.ActiveCfg = Debug|iPhone
		{80BFA3C2-4557-49C9-AEDB-963F7CCA90AA}.Debug|ARM.ActiveCfg = Debug|iPhone
		{80BFA3C2-4557-49C9-AEDB-963F7CCA90AA}.Debug|iPhone.ActiveCfg = Debug|iPhone
		{80BFA3C2-4557-49C9-AEDB-963F7CCA90AA}.Debug|iPhone.Build.0 = Debug|iPhone
		{80BFA3C2-4557-49C9-AEDB-963F7CCA90AA}.Debug|iPhoneSimulator.ActiveCfg = Debug|iPhoneSimulator
		{80BFA3C2-4557-49C9-AEDB-963F7CCA90AA}.Debug|iPhoneSimulator.Build.0 = Debug|iPhoneSimulator
		{80BFA3C2-4557-49C9-AEDB-963F7CCA90AA}.Debug|x64.ActiveCfg = Debug|iPhone
		{80BFA3C2-4557-49C9-AEDB-963F7CCA90AA}.Debug|x86.ActiveCfg = Debug|iPhone
		{80BFA3C2-4557-49C9-AEDB-963F7CCA90AA}.Release|Any CPU.ActiveCfg = Release|iPhone
		{80BFA3C2-4557-49C9-AEDB-963F7CCA90AA}.Release|ARM.ActiveCfg = Release|iPhone
		{80BFA3C2-4557-49C9-AEDB-963F7CCA90AA}.Release|iPhone.ActiveCfg = Release|iPhone
		{80BFA3C2-4557-49C9-AEDB-963F7CCA90AA}.Release|iPhone.Build.0 = Release|iPhone
		{80BFA3C2-4557-49C9-AEDB-963F7CCA90AA}.Release|iPhoneSimulator.ActiveCfg = Release|iPhoneSimulator
		{80BFA3C2-4557-49C9-AEDB-963F7CCA90AA}.Release|iPhoneSimulator.Build.0 = Release|iPhoneSimulator
		{80BFA3C2-4557-49C9-AEDB-963F7CCA90AA}.Release|x64.ActiveCfg = Release|iPhone
		{80BFA3C2-4557-49C9-AEDB-963F7CCA90AA}.Release|x86.ActiveCfg = Release|iPhone
		{6946C12C-03C7-49AF-8023-4663FEA55E2C}.Ad-Hoc|Any CPU.ActiveCfg = Release|Any CPU
		{6946C12C-03C7-49AF-8023-4663FEA55E2C}.Ad-Hoc|Any CPU.Build.0 = Release|Any CPU
		{6946C12C-03C7-49AF-8023-4663FEA55E2C}.Ad-Hoc|Any CPU.Deploy.0 = Release|Any CPU
		{6946C12C-03C7-49AF-8023-4663FEA55E2C}.Ad-Hoc|ARM.ActiveCfg = Release|ARM
		{6946C12C-03C7-49AF-8023-4663FEA55E2C}.Ad-Hoc|ARM.Build.0 = Release|ARM
		{6946C12C-03C7-49AF-8023-4663FEA55E2C}.Ad-Hoc|ARM.Deploy.0 = Release|ARM
		{6946C12C-03C7-49AF-8023-4663FEA55E2C}.Ad-Hoc|iPhone.ActiveCfg = Release|Any CPU
		{6946C12C-03C7-49AF-8023-4663FEA55E2C}.Ad-Hoc|iPhone.Build.0 = Release|Any CPU
		{6946C12C-03C7-49AF-8023-4663FEA55E2C}.Ad-Hoc|iPhone.Deploy.0 = Release|Any CPU
		{6946C12C-03C7-49AF-8023-4663FEA55E2C}.Ad-Hoc|iPhoneSimulator.ActiveCfg = Release|Any CPU
		{6946C12C-03C7-49AF-8023-4663FEA55E2C}.Ad-Hoc|iPhoneSimulator.Build.0 = Release|Any CPU
		{6946C12C-03C7-49AF-8023-4663FEA55E2C}.Ad-Hoc|iPhoneSimulator.Deploy.0 = Release|Any CPU
		{6946C12C-03C7-49AF-8023-4663FEA55E2C}.Ad-Hoc|x64.ActiveCfg = Release|Any CPU
		{6946C12C-03C7-49AF-8023-4663FEA55E2C}.Ad-Hoc|x64.Build.0 = Release|Any CPU
		{6946C12C-03C7-49AF-8023-4663FEA55E2C}.Ad-Hoc|x64.Deploy.0 = Release|Any CPU
		{6946C12C-03C7-49AF-8023-4663FEA55E2C}.Ad-Hoc|x86.ActiveCfg = Release|x86
		{6946C12C-03C7-49AF-8023-4663FEA55E2C}.Ad-Hoc|x86.Build.0 = Release|x86
		{6946C12C-03C7-49AF-8023-4663FEA55E2C}.Ad-Hoc|x86.Deploy.0 = Release|x86
		{6946C12C-03C7-49AF-8023-4663FEA55E2C}.AppStore|Any CPU.ActiveCfg = Release|Any CPU
		{6946C12C-03C7-49AF-8023-4663FEA55E2C}.AppStore|Any CPU.Build.0 = Release|Any CPU
		{6946C12C-03C7-49AF-8023-4663FEA55E2C}.AppStore|Any CPU.Deploy.0 = Release|Any CPU
		{6946C12C-03C7-49AF-8023-4663FEA55E2C}.AppStore|ARM.ActiveCfg = Release|ARM
		{6946C12C-03C7-49AF-8023-4663FEA55E2C}.AppStore|ARM.Build.0 = Release|ARM
		{6946C12C-03C7-49AF-8023-4663FEA55E2C}.AppStore|ARM.Deploy.0 = Release|ARM
		{6946C12C-03C7-49AF-8023-4663FEA55E2C}.AppStore|iPhone.ActiveCfg = Release|Any CPU
		{6946C12C-03C7-49AF-8023-4663FEA55E2C}.AppStore|iPhone.Build.0 = Release|Any CPU
		{6946C12C-03C7-49AF-8023-4663FEA55E2C}.AppStore|iPhone.Deploy.0 = Release|Any CPU
		{6946C12C-03C7-49AF-8023-4663FEA55E2C}.AppStore|iPhoneSimulator.ActiveCfg = Release|Any CPU
		{6946C12C-03C7-49AF-8023-4663FEA55E2C}.AppStore|iPhoneSimulator.Build.0 = Release|Any CPU
		{6946C12C-03C7-49AF-8023-4663FEA55E2C}.AppStore|iPhoneSimulator.Deploy.0 = Release|Any CPU
		{6946C12C-03C7-49AF-8023-4663FEA55E2C}.AppStore|x64.ActiveCfg = Release|Any CPU
		{6946C12C-03C7-49AF-8023-4663FEA55E2C}.AppStore|x64.Build.0 = Release|Any CPU
		{6946C12C-03C7-49AF-8023-4663FEA55E2C}.AppStore|x64.Deploy.0 = Release|Any CPU
		{6946C12C-03C7-49AF-8023-4663FEA55E2C}.AppStore|x86.ActiveCfg = Release|x86
		{6946C12C-03C7-49AF-8023-4663FEA55E2C}.AppStore|x86.Build.0 = Release|x86
		{6946C12C-03C7-49AF-8023-4663FEA55E2C}.AppStore|x86.Deploy.0 = Release|x86
		{6946C12C-03C7-49AF-8023-4663FEA55E2C}.Debug|Any CPU.ActiveCfg = Debug|Any CPU
		{6946C12C-03C7-49AF-8023-4663FEA55E2C}.Debug|Any CPU.Build.0 = Debug|Any CPU
		{6946C12C-03C7-49AF-8023-4663FEA55E2C}.Debug|Any CPU.Deploy.0 = Debug|Any CPU
		{6946C12C-03C7-49AF-8023-4663FEA55E2C}.Debug|ARM.ActiveCfg = Debug|ARM
		{6946C12C-03C7-49AF-8023-4663FEA55E2C}.Debug|ARM.Build.0 = Debug|ARM
		{6946C12C-03C7-49AF-8023-4663FEA55E2C}.Debug|ARM.Deploy.0 = Debug|ARM
		{6946C12C-03C7-49AF-8023-4663FEA55E2C}.Debug|iPhone.ActiveCfg = Debug|Any CPU
		{6946C12C-03C7-49AF-8023-4663FEA55E2C}.Debug|iPhone.Build.0 = Debug|Any CPU
		{6946C12C-03C7-49AF-8023-4663FEA55E2C}.Debug|iPhone.Deploy.0 = Debug|Any CPU
		{6946C12C-03C7-49AF-8023-4663FEA55E2C}.Debug|iPhoneSimulator.ActiveCfg = Debug|Any CPU
		{6946C12C-03C7-49AF-8023-4663FEA55E2C}.Debug|iPhoneSimulator.Build.0 = Debug|Any CPU
		{6946C12C-03C7-49AF-8023-4663FEA55E2C}.Debug|iPhoneSimulator.Deploy.0 = Debug|Any CPU
		{6946C12C-03C7-49AF-8023-4663FEA55E2C}.Debug|x64.ActiveCfg = Debug|x86
		{6946C12C-03C7-49AF-8023-4663FEA55E2C}.Debug|x64.Build.0 = Debug|x86
		{6946C12C-03C7-49AF-8023-4663FEA55E2C}.Debug|x64.Deploy.0 = Debug|x86
		{6946C12C-03C7-49AF-8023-4663FEA55E2C}.Debug|x86.ActiveCfg = Debug|x86
		{6946C12C-03C7-49AF-8023-4663FEA55E2C}.Debug|x86.Build.0 = Debug|x86
		{6946C12C-03C7-49AF-8023-4663FEA55E2C}.Debug|x86.Deploy.0 = Debug|x86
		{6946C12C-03C7-49AF-8023-4663FEA55E2C}.Release|Any CPU.ActiveCfg = Release|Any CPU
		{6946C12C-03C7-49AF-8023-4663FEA55E2C}.Release|Any CPU.Build.0 = Release|Any CPU
		{6946C12C-03C7-49AF-8023-4663FEA55E2C}.Release|Any CPU.Deploy.0 = Release|Any CPU
		{6946C12C-03C7-49AF-8023-4663FEA55E2C}.Release|ARM.ActiveCfg = Release|ARM
		{6946C12C-03C7-49AF-8023-4663FEA55E2C}.Release|ARM.Build.0 = Release|ARM
		{6946C12C-03C7-49AF-8023-4663FEA55E2C}.Release|ARM.Deploy.0 = Release|ARM
		{6946C12C-03C7-49AF-8023-4663FEA55E2C}.Release|iPhone.ActiveCfg = Release|Any CPU
		{6946C12C-03C7-49AF-8023-4663FEA55E2C}.Release|iPhone.Build.0 = Release|Any CPU
		{6946C12C-03C7-49AF-8023-4663FEA55E2C}.Release|iPhone.Deploy.0 = Release|Any CPU
		{6946C12C-03C7-49AF-8023-4663FEA55E2C}.Release|iPhoneSimulator.ActiveCfg = Release|Any CPU
		{6946C12C-03C7-49AF-8023-4663FEA55E2C}.Release|iPhoneSimulator.Build.0 = Release|Any CPU
		{6946C12C-03C7-49AF-8023-4663FEA55E2C}.Release|iPhoneSimulator.Deploy.0 = Release|Any CPU
		{6946C12C-03C7-49AF-8023-4663FEA55E2C}.Release|x64.ActiveCfg = Release|Any CPU
		{6946C12C-03C7-49AF-8023-4663FEA55E2C}.Release|x64.Build.0 = Release|Any CPU
		{6946C12C-03C7-49AF-8023-4663FEA55E2C}.Release|x64.Deploy.0 = Release|Any CPU
		{6946C12C-03C7-49AF-8023-4663FEA55E2C}.Release|x86.ActiveCfg = Release|x86
		{6946C12C-03C7-49AF-8023-4663FEA55E2C}.Release|x86.Build.0 = Release|x86
		{6946C12C-03C7-49AF-8023-4663FEA55E2C}.Release|x86.Deploy.0 = Release|x86
		{6E20B1F5-6A1E-4CBF-BA9E-2D2C9B223E5D}.Ad-Hoc|Any CPU.ActiveCfg = Release|Any CPU
		{6E20B1F5-6A1E-4CBF-BA9E-2D2C9B223E5D}.Ad-Hoc|Any CPU.Build.0 = Release|Any CPU
		{6E20B1F5-6A1E-4CBF-BA9E-2D2C9B223E5D}.Ad-Hoc|Any CPU.Deploy.0 = Release|Any CPU
		{6E20B1F5-6A1E-4CBF-BA9E-2D2C9B223E5D}.Ad-Hoc|ARM.ActiveCfg = Release|ARM
		{6E20B1F5-6A1E-4CBF-BA9E-2D2C9B223E5D}.Ad-Hoc|ARM.Build.0 = Release|ARM
		{6E20B1F5-6A1E-4CBF-BA9E-2D2C9B223E5D}.Ad-Hoc|ARM.Deploy.0 = Release|ARM
		{6E20B1F5-6A1E-4CBF-BA9E-2D2C9B223E5D}.Ad-Hoc|iPhone.ActiveCfg = Release|Any CPU
		{6E20B1F5-6A1E-4CBF-BA9E-2D2C9B223E5D}.Ad-Hoc|iPhone.Build.0 = Release|Any CPU
		{6E20B1F5-6A1E-4CBF-BA9E-2D2C9B223E5D}.Ad-Hoc|iPhone.Deploy.0 = Release|Any CPU
		{6E20B1F5-6A1E-4CBF-BA9E-2D2C9B223E5D}.Ad-Hoc|iPhoneSimulator.ActiveCfg = Release|Any CPU
		{6E20B1F5-6A1E-4CBF-BA9E-2D2C9B223E5D}.Ad-Hoc|iPhoneSimulator.Build.0 = Release|Any CPU
		{6E20B1F5-6A1E-4CBF-BA9E-2D2C9B223E5D}.Ad-Hoc|iPhoneSimulator.Deploy.0 = Release|Any CPU
		{6E20B1F5-6A1E-4CBF-BA9E-2D2C9B223E5D}.Ad-Hoc|x64.ActiveCfg = Release|x64
		{6E20B1F5-6A1E-4CBF-BA9E-2D2C9B223E5D}.Ad-Hoc|x64.Build.0 = Release|x64
		{6E20B1F5-6A1E-4CBF-BA9E-2D2C9B223E5D}.Ad-Hoc|x64.Deploy.0 = Release|x64
		{6E20B1F5-6A1E-4CBF-BA9E-2D2C9B223E5D}.Ad-Hoc|x86.ActiveCfg = Release|x86
		{6E20B1F5-6A1E-4CBF-BA9E-2D2C9B223E5D}.Ad-Hoc|x86.Build.0 = Release|x86
		{6E20B1F5-6A1E-4CBF-BA9E-2D2C9B223E5D}.Ad-Hoc|x86.Deploy.0 = Release|x86
		{6E20B1F5-6A1E-4CBF-BA9E-2D2C9B223E5D}.AppStore|Any CPU.ActiveCfg = Release|Any CPU
		{6E20B1F5-6A1E-4CBF-BA9E-2D2C9B223E5D}.AppStore|Any CPU.Build.0 = Release|Any CPU
		{6E20B1F5-6A1E-4CBF-BA9E-2D2C9B223E5D}.AppStore|Any CPU.Deploy.0 = Release|Any CPU
		{6E20B1F5-6A1E-4CBF-BA9E-2D2C9B223E5D}.AppStore|ARM.ActiveCfg = Release|ARM
		{6E20B1F5-6A1E-4CBF-BA9E-2D2C9B223E5D}.AppStore|ARM.Build.0 = Release|ARM
		{6E20B1F5-6A1E-4CBF-BA9E-2D2C9B223E5D}.AppStore|ARM.Deploy.0 = Release|ARM
		{6E20B1F5-6A1E-4CBF-BA9E-2D2C9B223E5D}.AppStore|iPhone.ActiveCfg = Release|Any CPU
		{6E20B1F5-6A1E-4CBF-BA9E-2D2C9B223E5D}.AppStore|iPhone.Build.0 = Release|Any CPU
		{6E20B1F5-6A1E-4CBF-BA9E-2D2C9B223E5D}.AppStore|iPhone.Deploy.0 = Release|Any CPU
		{6E20B1F5-6A1E-4CBF-BA9E-2D2C9B223E5D}.AppStore|iPhoneSimulator.ActiveCfg = Release|Any CPU
		{6E20B1F5-6A1E-4CBF-BA9E-2D2C9B223E5D}.AppStore|iPhoneSimulator.Build.0 = Release|Any CPU
		{6E20B1F5-6A1E-4CBF-BA9E-2D2C9B223E5D}.AppStore|iPhoneSimulator.Deploy.0 = Release|Any CPU
		{6E20B1F5-6A1E-4CBF-BA9E-2D2C9B223E5D}.AppStore|x64.ActiveCfg = Release|x64
		{6E20B1F5-6A1E-4CBF-BA9E-2D2C9B223E5D}.AppStore|x64.Build.0 = Release|x64
		{6E20B1F5-6A1E-4CBF-BA9E-2D2C9B223E5D}.AppStore|x64.Deploy.0 = Release|x64
		{6E20B1F5-6A1E-4CBF-BA9E-2D2C9B223E5D}.AppStore|x86.ActiveCfg = Release|x86
		{6E20B1F5-6A1E-4CBF-BA9E-2D2C9B223E5D}.AppStore|x86.Build.0 = Release|x86
		{6E20B1F5-6A1E-4CBF-BA9E-2D2C9B223E5D}.AppStore|x86.Deploy.0 = Release|x86
		{6E20B1F5-6A1E-4CBF-BA9E-2D2C9B223E5D}.Debug|Any CPU.ActiveCfg = Debug|Any CPU
		{6E20B1F5-6A1E-4CBF-BA9E-2D2C9B223E5D}.Debug|Any CPU.Build.0 = Debug|Any CPU
		{6E20B1F5-6A1E-4CBF-BA9E-2D2C9B223E5D}.Debug|Any CPU.Deploy.0 = Debug|Any CPU
		{6E20B1F5-6A1E-4CBF-BA9E-2D2C9B223E5D}.Debug|ARM.ActiveCfg = Debug|ARM
		{6E20B1F5-6A1E-4CBF-BA9E-2D2C9B223E5D}.Debug|ARM.Build.0 = Debug|ARM
		{6E20B1F5-6A1E-4CBF-BA9E-2D2C9B223E5D}.Debug|ARM.Deploy.0 = Debug|ARM
		{6E20B1F5-6A1E-4CBF-BA9E-2D2C9B223E5D}.Debug|iPhone.ActiveCfg = Debug|Any CPU
		{6E20B1F5-6A1E-4CBF-BA9E-2D2C9B223E5D}.Debug|iPhone.Build.0 = Debug|Any CPU
		{6E20B1F5-6A1E-4CBF-BA9E-2D2C9B223E5D}.Debug|iPhone.Deploy.0 = Debug|Any CPU
		{6E20B1F5-6A1E-4CBF-BA9E-2D2C9B223E5D}.Debug|iPhoneSimulator.ActiveCfg = Debug|Any CPU
		{6E20B1F5-6A1E-4CBF-BA9E-2D2C9B223E5D}.Debug|iPhoneSimulator.Build.0 = Debug|Any CPU
		{6E20B1F5-6A1E-4CBF-BA9E-2D2C9B223E5D}.Debug|iPhoneSimulator.Deploy.0 = Debug|Any CPU
		{6E20B1F5-6A1E-4CBF-BA9E-2D2C9B223E5D}.Debug|x64.ActiveCfg = Debug|x64
		{6E20B1F5-6A1E-4CBF-BA9E-2D2C9B223E5D}.Debug|x64.Build.0 = Debug|x64
		{6E20B1F5-6A1E-4CBF-BA9E-2D2C9B223E5D}.Debug|x64.Deploy.0 = Debug|x64
		{6E20B1F5-6A1E-4CBF-BA9E-2D2C9B223E5D}.Debug|x86.ActiveCfg = Debug|x86
		{6E20B1F5-6A1E-4CBF-BA9E-2D2C9B223E5D}.Debug|x86.Build.0 = Debug|x86
		{6E20B1F5-6A1E-4CBF-BA9E-2D2C9B223E5D}.Debug|x86.Deploy.0 = Debug|x86
		{6E20B1F5-6A1E-4CBF-BA9E-2D2C9B223E5D}.Release|Any CPU.ActiveCfg = Release|Any CPU
		{6E20B1F5-6A1E-4CBF-BA9E-2D2C9B223E5D}.Release|Any CPU.Build.0 = Release|Any CPU
		{6E20B1F5-6A1E-4CBF-BA9E-2D2C9B223E5D}.Release|Any CPU.Deploy.0 = Release|Any CPU
		{6E20B1F5-6A1E-4CBF-BA9E-2D2C9B223E5D}.Release|ARM.ActiveCfg = Release|ARM
		{6E20B1F5-6A1E-4CBF-BA9E-2D2C9B223E5D}.Release|ARM.Build.0 = Release|ARM
		{6E20B1F5-6A1E-4CBF-BA9E-2D2C9B223E5D}.Release|ARM.Deploy.0 = Release|ARM
		{6E20B1F5-6A1E-4CBF-BA9E-2D2C9B223E5D}.Release|iPhone.ActiveCfg = Release|Any CPU
		{6E20B1F5-6A1E-4CBF-BA9E-2D2C9B223E5D}.Release|iPhone.Build.0 = Release|Any CPU
		{6E20B1F5-6A1E-4CBF-BA9E-2D2C9B223E5D}.Release|iPhone.Deploy.0 = Release|Any CPU
		{6E20B1F5-6A1E-4CBF-BA9E-2D2C9B223E5D}.Release|iPhoneSimulator.ActiveCfg = Release|Any CPU
		{6E20B1F5-6A1E-4CBF-BA9E-2D2C9B223E5D}.Release|iPhoneSimulator.Build.0 = Release|Any CPU
		{6E20B1F5-6A1E-4CBF-BA9E-2D2C9B223E5D}.Release|iPhoneSimulator.Deploy.0 = Release|Any CPU
		{6E20B1F5-6A1E-4CBF-BA9E-2D2C9B223E5D}.Release|x64.ActiveCfg = Release|x64
		{6E20B1F5-6A1E-4CBF-BA9E-2D2C9B223E5D}.Release|x64.Build.0 = Release|x64
		{6E20B1F5-6A1E-4CBF-BA9E-2D2C9B223E5D}.Release|x64.Deploy.0 = Release|x64
		{6E20B1F5-6A1E-4CBF-BA9E-2D2C9B223E5D}.Release|x86.ActiveCfg = Release|x86
		{6E20B1F5-6A1E-4CBF-BA9E-2D2C9B223E5D}.Release|x86.Build.0 = Release|x86
		{6E20B1F5-6A1E-4CBF-BA9E-2D2C9B223E5D}.Release|x86.Deploy.0 = Release|x86
		{0A5498D2-2C03-46DF-899C-86DCF4E02C46}.Ad-Hoc|Any CPU.ActiveCfg = Release|Any CPU
		{0A5498D2-2C03-46DF-899C-86DCF4E02C46}.Ad-Hoc|Any CPU.Build.0 = Release|Any CPU
		{0A5498D2-2C03-46DF-899C-86DCF4E02C46}.Ad-Hoc|ARM.ActiveCfg = Release|Any CPU
		{0A5498D2-2C03-46DF-899C-86DCF4E02C46}.Ad-Hoc|ARM.Build.0 = Release|Any CPU
		{0A5498D2-2C03-46DF-899C-86DCF4E02C46}.Ad-Hoc|iPhone.ActiveCfg = Release|Any CPU
		{0A5498D2-2C03-46DF-899C-86DCF4E02C46}.Ad-Hoc|iPhone.Build.0 = Release|Any CPU
		{0A5498D2-2C03-46DF-899C-86DCF4E02C46}.Ad-Hoc|iPhoneSimulator.ActiveCfg = Release|Any CPU
		{0A5498D2-2C03-46DF-899C-86DCF4E02C46}.Ad-Hoc|iPhoneSimulator.Build.0 = Release|Any CPU
		{0A5498D2-2C03-46DF-899C-86DCF4E02C46}.Ad-Hoc|x64.ActiveCfg = Release|Any CPU
		{0A5498D2-2C03-46DF-899C-86DCF4E02C46}.Ad-Hoc|x64.Build.0 = Release|Any CPU
		{0A5498D2-2C03-46DF-899C-86DCF4E02C46}.Ad-Hoc|x86.ActiveCfg = Release|Any CPU
		{0A5498D2-2C03-46DF-899C-86DCF4E02C46}.Ad-Hoc|x86.Build.0 = Release|Any CPU
		{0A5498D2-2C03-46DF-899C-86DCF4E02C46}.AppStore|Any CPU.ActiveCfg = Release|Any CPU
		{0A5498D2-2C03-46DF-899C-86DCF4E02C46}.AppStore|Any CPU.Build.0 = Release|Any CPU
		{0A5498D2-2C03-46DF-899C-86DCF4E02C46}.AppStore|ARM.ActiveCfg = Release|Any CPU
		{0A5498D2-2C03-46DF-899C-86DCF4E02C46}.AppStore|ARM.Build.0 = Release|Any CPU
		{0A5498D2-2C03-46DF-899C-86DCF4E02C46}.AppStore|iPhone.ActiveCfg = Release|Any CPU
		{0A5498D2-2C03-46DF-899C-86DCF4E02C46}.AppStore|iPhone.Build.0 = Release|Any CPU
		{0A5498D2-2C03-46DF-899C-86DCF4E02C46}.AppStore|iPhoneSimulator.ActiveCfg = Release|Any CPU
		{0A5498D2-2C03-46DF-899C-86DCF4E02C46}.AppStore|iPhoneSimulator.Build.0 = Release|Any CPU
		{0A5498D2-2C03-46DF-899C-86DCF4E02C46}.AppStore|x64.ActiveCfg = Release|Any CPU
		{0A5498D2-2C03-46DF-899C-86DCF4E02C46}.AppStore|x64.Build.0 = Release|Any CPU
		{0A5498D2-2C03-46DF-899C-86DCF4E02C46}.AppStore|x86.ActiveCfg = Release|Any CPU
		{0A5498D2-2C03-46DF-899C-86DCF4E02C46}.AppStore|x86.Build.0 = Release|Any CPU
		{0A5498D2-2C03-46DF-899C-86DCF4E02C46}.Debug|Any CPU.ActiveCfg = Debug|Any CPU
		{0A5498D2-2C03-46DF-899C-86DCF4E02C46}.Debug|Any CPU.Build.0 = Debug|Any CPU
		{0A5498D2-2C03-46DF-899C-86DCF4E02C46}.Debug|ARM.ActiveCfg = Debug|Any CPU
		{0A5498D2-2C03-46DF-899C-86DCF4E02C46}.Debug|ARM.Build.0 = Debug|Any CPU
		{0A5498D2-2C03-46DF-899C-86DCF4E02C46}.Debug|iPhone.ActiveCfg = Debug|Any CPU
		{0A5498D2-2C03-46DF-899C-86DCF4E02C46}.Debug|iPhone.Build.0 = Debug|Any CPU
		{0A5498D2-2C03-46DF-899C-86DCF4E02C46}.Debug|iPhoneSimulator.ActiveCfg = Debug|Any CPU
		{0A5498D2-2C03-46DF-899C-86DCF4E02C46}.Debug|iPhoneSimulator.Build.0 = Debug|Any CPU
		{0A5498D2-2C03-46DF-899C-86DCF4E02C46}.Debug|x64.ActiveCfg = Debug|Any CPU
		{0A5498D2-2C03-46DF-899C-86DCF4E02C46}.Debug|x64.Build.0 = Debug|Any CPU
		{0A5498D2-2C03-46DF-899C-86DCF4E02C46}.Debug|x86.ActiveCfg = Debug|Any CPU
		{0A5498D2-2C03-46DF-899C-86DCF4E02C46}.Debug|x86.Build.0 = Debug|Any CPU
		{0A5498D2-2C03-46DF-899C-86DCF4E02C46}.Release|Any CPU.ActiveCfg = Release|Any CPU
		{0A5498D2-2C03-46DF-899C-86DCF4E02C46}.Release|Any CPU.Build.0 = Release|Any CPU
		{0A5498D2-2C03-46DF-899C-86DCF4E02C46}.Release|ARM.ActiveCfg = Release|Any CPU
		{0A5498D2-2C03-46DF-899C-86DCF4E02C46}.Release|ARM.Build.0 = Release|Any CPU
		{0A5498D2-2C03-46DF-899C-86DCF4E02C46}.Release|iPhone.ActiveCfg = Release|Any CPU
		{0A5498D2-2C03-46DF-899C-86DCF4E02C46}.Release|iPhone.Build.0 = Release|Any CPU
		{0A5498D2-2C03-46DF-899C-86DCF4E02C46}.Release|iPhoneSimulator.ActiveCfg = Release|Any CPU
		{0A5498D2-2C03-46DF-899C-86DCF4E02C46}.Release|iPhoneSimulator.Build.0 = Release|Any CPU
		{0A5498D2-2C03-46DF-899C-86DCF4E02C46}.Release|x64.ActiveCfg = Release|Any CPU
		{0A5498D2-2C03-46DF-899C-86DCF4E02C46}.Release|x64.Build.0 = Release|Any CPU
		{0A5498D2-2C03-46DF-899C-86DCF4E02C46}.Release|x86.ActiveCfg = Release|Any CPU
		{0A5498D2-2C03-46DF-899C-86DCF4E02C46}.Release|x86.Build.0 = Release|Any CPU
	EndGlobalSection
	GlobalSection(SolutionProperties) = preSolution
		HideSolutionNode = FALSE
	EndGlobalSection
EndGlobal
